
Microsoft Visual Studio Solution File, Format Version 12.00
Project("{FAE04EC0-301F-11D3-BF4B-00C04F79EFBC}") = "Paprika", "Paprika\Paprika.csproj", "{18F81388-685F-4FFC-A5D8-ABB79FE254DD}"
EndProject
Project("{FAE04EC0-301F-11D3-BF4B-00C04F79EFBC}") = "Paprika.Tests", "Paprika.Tests\Paprika.Tests.csproj", "{44B0A996-A65A-4BFE-B9F6-708D5A7E54C5}"
EndProject
Project("{FAE04EC0-301F-11D3-BF4B-00C04F79EFBC}") = "Paprika.Runner", "Paprika.Runner\Paprika.Runner.csproj", "{BFF87BF1-D687-4EBF-B60C-3B67184A8A7D}"
EndProject
Project("{FAE04EC0-301F-11D3-BF4B-00C04F79EFBC}") = "Paprika.Benchmarks", "Paprika.Benchmarks\Paprika.Benchmarks.csproj", "{FFAD2237-381A-4FC5-ACB9-14658C6ADCE9}"
EndProject
Project("{FAE04EC0-301F-11D3-BF4B-00C04F79EFBC}") = "Paprika.Runner.Pareto", "Paprika.Runner.Pareto\Paprika.Runner.Pareto.csproj", "{CFE8AF26-C8F0-45D6-863B-AF5AC37A2E17}"
EndProject
Project("{FAE04EC0-301F-11D3-BF4B-00C04F79EFBC}") = "Paprika.Importer", "Paprika.Importer\Paprika.Importer.csproj", "{AC64F608-FD20-4478-B80C-1D5CDBB7533F}"
EndProject
Project("{FAE04EC0-301F-11D3-BF4B-00C04F79EFBC}") = "Nethermind.State", "Nethermind\src\Nethermind\Nethermind.State\Nethermind.State.csproj", "{E95BD608-D663-4103-A561-E6C7E1440B7A}"
EndProject
Project("{2150E333-8FDC-42A3-9474-1A3956D46DE8}") = "Nethermind", "Nethermind", "{C1CABFFA-4E4D-4A42-B40F-DC27FE50DFC6}"
EndProject
Project("{FAE04EC0-301F-11D3-BF4B-00C04F79EFBC}") = "Nethermind.Trie", "Nethermind\src\Nethermind\Nethermind.Trie\Nethermind.Trie.csproj", "{02D857A2-B667-4347-9EB2-7806FB7CCD28}"
EndProject
Project("{FAE04EC0-301F-11D3-BF4B-00C04F79EFBC}") = "Nethermind.Db", "Nethermind\src\Nethermind\Nethermind.Db\Nethermind.Db.csproj", "{5876BFB4-25BE-49E5-97A3-8CBB24E7CF84}"
EndProject
Project("{FAE04EC0-301F-11D3-BF4B-00C04F79EFBC}") = "Nethermind.Serialization.Json", "Nethermind\src\Nethermind\Nethermind.Serialization.Json\Nethermind.Serialization.Json.csproj", "{AD118AD7-D9A8-42A4-916A-A65026777AA7}"
EndProject
Project("{FAE04EC0-301F-11D3-BF4B-00C04F79EFBC}") = "Nethermind.Core", "Nethermind\src\Nethermind\Nethermind.Core\Nethermind.Core.csproj", "{A7A28824-8F5E-4BCB-B091-9B8FF223E48F}"
EndProject
Project("{FAE04EC0-301F-11D3-BF4B-00C04F79EFBC}") = "Nethermind.Crypto", "Nethermind\src\Nethermind\Nethermind.Crypto\Nethermind.Crypto.csproj", "{7ADA9724-52D3-4757-BEAF-2D47342E385F}"
EndProject
Project("{FAE04EC0-301F-11D3-BF4B-00C04F79EFBC}") = "Nethermind.Logging", "Nethermind\src\Nethermind\Nethermind.Logging\Nethermind.Logging.csproj", "{99C47612-95E7-493B-8F0C-E443B4452C9C}"
EndProject
Project("{FAE04EC0-301F-11D3-BF4B-00C04F79EFBC}") = "Nethermind.Config", "Nethermind\src\Nethermind\Nethermind.Config\Nethermind.Config.csproj", "{F136CA4D-86DA-4CC5-923D-C535F2B430E7}"
EndProject
Project("{FAE04EC0-301F-11D3-BF4B-00C04F79EFBC}") = "Nethermind.Serialization.Rlp", "Nethermind\src\Nethermind\Nethermind.Serialization.Rlp\Nethermind.Serialization.Rlp.csproj", "{99B7308E-A3BD-46E8-8718-3BD1BE87AB02}"
EndProject
Project("{FAE04EC0-301F-11D3-BF4B-00C04F79EFBC}") = "Nethermind.Specs", "Nethermind\src\Nethermind\Nethermind.Specs\Nethermind.Specs.csproj", "{20C99460-C6B6-43FE-BD84-8BF81A2A05FA}"
EndProject
Project("{FAE04EC0-301F-11D3-BF4B-00C04F79EFBC}") = "Paprika.Cli", "Paprika.Cli\Paprika.Cli.csproj", "{DD0B1FB7-6D29-47A1-B467-03F28B15FCAE}"
EndProject
Global
	GlobalSection(SolutionConfigurationPlatforms) = preSolution
		Debug|Any CPU = Debug|Any CPU
		Release|Any CPU = Release|Any CPU
	EndGlobalSection
	GlobalSection(ProjectConfigurationPlatforms) = postSolution
		{18F81388-685F-4FFC-A5D8-ABB79FE254DD}.Debug|Any CPU.ActiveCfg = Debug|Any CPU
		{18F81388-685F-4FFC-A5D8-ABB79FE254DD}.Debug|Any CPU.Build.0 = Debug|Any CPU
		{18F81388-685F-4FFC-A5D8-ABB79FE254DD}.Release|Any CPU.ActiveCfg = Release|Any CPU
		{18F81388-685F-4FFC-A5D8-ABB79FE254DD}.Release|Any CPU.Build.0 = Release|Any CPU
		{44B0A996-A65A-4BFE-B9F6-708D5A7E54C5}.Debug|Any CPU.ActiveCfg = Debug|Any CPU
		{44B0A996-A65A-4BFE-B9F6-708D5A7E54C5}.Debug|Any CPU.Build.0 = Debug|Any CPU
		{44B0A996-A65A-4BFE-B9F6-708D5A7E54C5}.Release|Any CPU.ActiveCfg = Release|Any CPU
		{44B0A996-A65A-4BFE-B9F6-708D5A7E54C5}.Release|Any CPU.Build.0 = Release|Any CPU
		{BFF87BF1-D687-4EBF-B60C-3B67184A8A7D}.Debug|Any CPU.ActiveCfg = Debug|Any CPU
		{BFF87BF1-D687-4EBF-B60C-3B67184A8A7D}.Debug|Any CPU.Build.0 = Debug|Any CPU
		{BFF87BF1-D687-4EBF-B60C-3B67184A8A7D}.Release|Any CPU.ActiveCfg = Release|Any CPU
		{BFF87BF1-D687-4EBF-B60C-3B67184A8A7D}.Release|Any CPU.Build.0 = Release|Any CPU
		{FFAD2237-381A-4FC5-ACB9-14658C6ADCE9}.Debug|Any CPU.ActiveCfg = Debug|Any CPU
		{FFAD2237-381A-4FC5-ACB9-14658C6ADCE9}.Debug|Any CPU.Build.0 = Debug|Any CPU
		{FFAD2237-381A-4FC5-ACB9-14658C6ADCE9}.Release|Any CPU.ActiveCfg = Release|Any CPU
		{FFAD2237-381A-4FC5-ACB9-14658C6ADCE9}.Release|Any CPU.Build.0 = Release|Any CPU
		{18F81388-685F-4FFC-A5D8-ABB79FE254DD}.Debug|Any CPU.ActiveCfg = Debug|Any CPU
		{18F81388-685F-4FFC-A5D8-ABB79FE254DD}.Debug|Any CPU.Build.0 = Debug|Any CPU
		{BFF87BF1-D687-4EBF-B60C-3B67184A8A7D}.Debug|Any CPU.ActiveCfg = Debug|Any CPU
		{BFF87BF1-D687-4EBF-B60C-3B67184A8A7D}.Debug|Any CPU.Build.0 = Debug|Any CPU
		{44B0A996-A65A-4BFE-B9F6-708D5A7E54C5}.Debug|Any CPU.ActiveCfg = Debug|Any CPU
		{44B0A996-A65A-4BFE-B9F6-708D5A7E54C5}.Debug|Any CPU.Build.0 = Debug|Any CPU
		{CFE8AF26-C8F0-45D6-863B-AF5AC37A2E17}.Debug|Any CPU.ActiveCfg = Debug|Any CPU
		{CFE8AF26-C8F0-45D6-863B-AF5AC37A2E17}.Debug|Any CPU.Build.0 = Debug|Any CPU
		{CFE8AF26-C8F0-45D6-863B-AF5AC37A2E17}.Release|Any CPU.ActiveCfg = Release|Any CPU
		{CFE8AF26-C8F0-45D6-863B-AF5AC37A2E17}.Release|Any CPU.Build.0 = Release|Any CPU
		{AC64F608-FD20-4478-B80C-1D5CDBB7533F}.Debug|Any CPU.ActiveCfg = Debug|Any CPU
		{AC64F608-FD20-4478-B80C-1D5CDBB7533F}.Debug|Any CPU.Build.0 = Debug|Any CPU
		{AC64F608-FD20-4478-B80C-1D5CDBB7533F}.Release|Any CPU.ActiveCfg = Release|Any CPU
		{AC64F608-FD20-4478-B80C-1D5CDBB7533F}.Release|Any CPU.Build.0 = Release|Any CPU
		{E95BD608-D663-4103-A561-E6C7E1440B7A}.Debug|Any CPU.ActiveCfg = Debug|Any CPU
		{E95BD608-D663-4103-A561-E6C7E1440B7A}.Debug|Any CPU.Build.0 = Debug|Any CPU
		{E95BD608-D663-4103-A561-E6C7E1440B7A}.Release|Any CPU.ActiveCfg = Release|Any CPU
		{E95BD608-D663-4103-A561-E6C7E1440B7A}.Release|Any CPU.Build.0 = Release|Any CPU
		{02D857A2-B667-4347-9EB2-7806FB7CCD28}.Debug|Any CPU.ActiveCfg = Debug|Any CPU
		{02D857A2-B667-4347-9EB2-7806FB7CCD28}.Debug|Any CPU.Build.0 = Debug|Any CPU
		{02D857A2-B667-4347-9EB2-7806FB7CCD28}.Release|Any CPU.ActiveCfg = Release|Any CPU
		{02D857A2-B667-4347-9EB2-7806FB7CCD28}.Release|Any CPU.Build.0 = Release|Any CPU
		{5876BFB4-25BE-49E5-97A3-8CBB24E7CF84}.Debug|Any CPU.ActiveCfg = Debug|Any CPU
		{5876BFB4-25BE-49E5-97A3-8CBB24E7CF84}.Debug|Any CPU.Build.0 = Debug|Any CPU
		{5876BFB4-25BE-49E5-97A3-8CBB24E7CF84}.Release|Any CPU.ActiveCfg = Release|Any CPU
		{5876BFB4-25BE-49E5-97A3-8CBB24E7CF84}.Release|Any CPU.Build.0 = Release|Any CPU
		{AD118AD7-D9A8-42A4-916A-A65026777AA7}.Debug|Any CPU.ActiveCfg = Debug|Any CPU
		{AD118AD7-D9A8-42A4-916A-A65026777AA7}.Debug|Any CPU.Build.0 = Debug|Any CPU
		{AD118AD7-D9A8-42A4-916A-A65026777AA7}.Release|Any CPU.ActiveCfg = Release|Any CPU
		{AD118AD7-D9A8-42A4-916A-A65026777AA7}.Release|Any CPU.Build.0 = Release|Any CPU
		{A7A28824-8F5E-4BCB-B091-9B8FF223E48F}.Debug|Any CPU.ActiveCfg = Debug|Any CPU
		{A7A28824-8F5E-4BCB-B091-9B8FF223E48F}.Debug|Any CPU.Build.0 = Debug|Any CPU
		{A7A28824-8F5E-4BCB-B091-9B8FF223E48F}.Release|Any CPU.ActiveCfg = Release|Any CPU
		{A7A28824-8F5E-4BCB-B091-9B8FF223E48F}.Release|Any CPU.Build.0 = Release|Any CPU
		{7ADA9724-52D3-4757-BEAF-2D47342E385F}.Debug|Any CPU.ActiveCfg = Debug|Any CPU
		{7ADA9724-52D3-4757-BEAF-2D47342E385F}.Debug|Any CPU.Build.0 = Debug|Any CPU
		{7ADA9724-52D3-4757-BEAF-2D47342E385F}.Release|Any CPU.ActiveCfg = Release|Any CPU
		{7ADA9724-52D3-4757-BEAF-2D47342E385F}.Release|Any CPU.Build.0 = Release|Any CPU
		{99C47612-95E7-493B-8F0C-E443B4452C9C}.Debug|Any CPU.ActiveCfg = Debug|Any CPU
		{99C47612-95E7-493B-8F0C-E443B4452C9C}.Debug|Any CPU.Build.0 = Debug|Any CPU
		{99C47612-95E7-493B-8F0C-E443B4452C9C}.Release|Any CPU.ActiveCfg = Release|Any CPU
		{99C47612-95E7-493B-8F0C-E443B4452C9C}.Release|Any CPU.Build.0 = Release|Any CPU
		{F136CA4D-86DA-4CC5-923D-C535F2B430E7}.Debug|Any CPU.ActiveCfg = Debug|Any CPU
		{F136CA4D-86DA-4CC5-923D-C535F2B430E7}.Debug|Any CPU.Build.0 = Debug|Any CPU
		{F136CA4D-86DA-4CC5-923D-C535F2B430E7}.Release|Any CPU.ActiveCfg = Release|Any CPU
		{F136CA4D-86DA-4CC5-923D-C535F2B430E7}.Release|Any CPU.Build.0 = Release|Any CPU
		{99B7308E-A3BD-46E8-8718-3BD1BE87AB02}.Debug|Any CPU.ActiveCfg = Debug|Any CPU
		{99B7308E-A3BD-46E8-8718-3BD1BE87AB02}.Debug|Any CPU.Build.0 = Debug|Any CPU
		{99B7308E-A3BD-46E8-8718-3BD1BE87AB02}.Release|Any CPU.ActiveCfg = Release|Any CPU
		{99B7308E-A3BD-46E8-8718-3BD1BE87AB02}.Release|Any CPU.Build.0 = Release|Any CPU
		{20C99460-C6B6-43FE-BD84-8BF81A2A05FA}.Debug|Any CPU.ActiveCfg = Debug|Any CPU
		{20C99460-C6B6-43FE-BD84-8BF81A2A05FA}.Debug|Any CPU.Build.0 = Debug|Any CPU
		{20C99460-C6B6-43FE-BD84-8BF81A2A05FA}.Release|Any CPU.ActiveCfg = Release|Any CPU
		{20C99460-C6B6-43FE-BD84-8BF81A2A05FA}.Release|Any CPU.Build.0 = Release|Any CPU
		{DD0B1FB7-6D29-47A1-B467-03F28B15FCAE}.Debug|Any CPU.ActiveCfg = Debug|Any CPU
		{DD0B1FB7-6D29-47A1-B467-03F28B15FCAE}.Debug|Any CPU.Build.0 = Debug|Any CPU
		{DD0B1FB7-6D29-47A1-B467-03F28B15FCAE}.Release|Any CPU.ActiveCfg = Release|Any CPU
		{DD0B1FB7-6D29-47A1-B467-03F28B15FCAE}.Release|Any CPU.Build.0 = Release|Any CPU
	EndGlobalSection
	GlobalSection(NestedProjects) = preSolution
		{E95BD608-D663-4103-A561-E6C7E1440B7A} = {C1CABFFA-4E4D-4A42-B40F-DC27FE50DFC6}
		{02D857A2-B667-4347-9EB2-7806FB7CCD28} = {C1CABFFA-4E4D-4A42-B40F-DC27FE50DFC6}
		{5876BFB4-25BE-49E5-97A3-8CBB24E7CF84} = {C1CABFFA-4E4D-4A42-B40F-DC27FE50DFC6}
		{AD118AD7-D9A8-42A4-916A-A65026777AA7} = {C1CABFFA-4E4D-4A42-B40F-DC27FE50DFC6}
		{A7A28824-8F5E-4BCB-B091-9B8FF223E48F} = {C1CABFFA-4E4D-4A42-B40F-DC27FE50DFC6}
		{7ADA9724-52D3-4757-BEAF-2D47342E385F} = {C1CABFFA-4E4D-4A42-B40F-DC27FE50DFC6}
		{99C47612-95E7-493B-8F0C-E443B4452C9C} = {C1CABFFA-4E4D-4A42-B40F-DC27FE50DFC6}
		{F136CA4D-86DA-4CC5-923D-C535F2B430E7} = {C1CABFFA-4E4D-4A42-B40F-DC27FE50DFC6}
		{99B7308E-A3BD-46E8-8718-3BD1BE87AB02} = {C1CABFFA-4E4D-4A42-B40F-DC27FE50DFC6}
		{20C99460-C6B6-43FE-BD84-8BF81A2A05FA} = {C1CABFFA-4E4D-4A42-B40F-DC27FE50DFC6}
	EndGlobalSection
EndGlobal
