
Microsoft Visual Studio Solution File, Format Version 12.00
Project("{FAE04EC0-301F-11D3-BF4B-00C04F79EFBC}") = "Paprika", "Paprika\Paprika.csproj", "{18F81388-685F-4FFC-A5D8-ABB79FE254DD}"
EndProject
Project("{FAE04EC0-301F-11D3-BF4B-00C04F79EFBC}") = "Paprika.Tests", "Paprika.Tests\Paprika.Tests.csproj", "{44B0A996-A65A-4BFE-B9F6-708D5A7E54C5}"
EndProject
Project("{FAE04EC0-301F-11D3-BF4B-00C04F79EFBC}") = "Paprika.Runner", "Paprika.Runner\Paprika.Runner.csproj", "{BFF87BF1-D687-4EBF-B60C-3B67184A8A7D}"
EndProject
Project("{FAE04EC0-301F-11D3-BF4B-00C04F79EFBC}") = "Paprika.Benchmarks", "Paprika.Benchmarks\Paprika.Benchmarks.csproj", "{FFAD2237-381A-4FC5-ACB9-14658C6ADCE9}"
EndProject
Project("{FAE04EC0-301F-11D3-BF4B-00C04F79EFBC}") = "Paprika.Cli", "Paprika.Cli\Paprika.Cli.csproj", "{ABF0EAEF-C6CF-4ED4-A340-8A7708C05516}"
EndProject
Project("{FAE04EC0-301F-11D3-BF4B-00C04F79EFBC}") = "Paprika.Runner.Pareto", "Paprika.Runner.Pareto\Paprika.Runner.Pareto.csproj", "{CFE8AF26-C8F0-45D6-863B-AF5AC37A2E17}"
EndProject
Global
	GlobalSection(SolutionConfigurationPlatforms) = preSolution
		Debug|Any CPU = Debug|Any CPU
		Release|Any CPU = Release|Any CPU
	EndGlobalSection
	GlobalSection(ProjectConfigurationPlatforms) = postSolution
		{18F81388-685F-4FFC-A5D8-ABB79FE254DD}.Debug|Any CPU.ActiveCfg = Debug|Any CPU
		{18F81388-685F-4FFC-A5D8-ABB79FE254DD}.Debug|Any CPU.Build.0 = Debug|Any CPU
		{18F81388-685F-4FFC-A5D8-ABB79FE254DD}.Release|Any CPU.ActiveCfg = Release|Any CPU
		{18F81388-685F-4FFC-A5D8-ABB79FE254DD}.Release|Any CPU.Build.0 = Release|Any CPU
		{44B0A996-A65A-4BFE-B9F6-708D5A7E54C5}.Debug|Any CPU.ActiveCfg = Debug|Any CPU
		{44B0A996-A65A-4BFE-B9F6-708D5A7E54C5}.Debug|Any CPU.Build.0 = Debug|Any CPU
		{44B0A996-A65A-4BFE-B9F6-708D5A7E54C5}.Release|Any CPU.ActiveCfg = Release|Any CPU
		{44B0A996-A65A-4BFE-B9F6-708D5A7E54C5}.Release|Any CPU.Build.0 = Release|Any CPU
		{BFF87BF1-D687-4EBF-B60C-3B67184A8A7D}.Debug|Any CPU.ActiveCfg = Debug|Any CPU
		{BFF87BF1-D687-4EBF-B60C-3B67184A8A7D}.Debug|Any CPU.Build.0 = Debug|Any CPU
		{BFF87BF1-D687-4EBF-B60C-3B67184A8A7D}.Release|Any CPU.ActiveCfg = Release|Any CPU
		{BFF87BF1-D687-4EBF-B60C-3B67184A8A7D}.Release|Any CPU.Build.0 = Release|Any CPU
		{FFAD2237-381A-4FC5-ACB9-14658C6ADCE9}.Debug|Any CPU.ActiveCfg = Debug|Any CPU
		{FFAD2237-381A-4FC5-ACB9-14658C6ADCE9}.Debug|Any CPU.Build.0 = Debug|Any CPU
		{FFAD2237-381A-4FC5-ACB9-14658C6ADCE9}.Release|Any CPU.ActiveCfg = Release|Any CPU
		{FFAD2237-381A-4FC5-ACB9-14658C6ADCE9}.Release|Any CPU.Build.0 = Release|Any CPU
		{18F81388-685F-4FFC-A5D8-ABB79FE254DD}.Debug|Any CPU.ActiveCfg = Debug|Any CPU
		{18F81388-685F-4FFC-A5D8-ABB79FE254DD}.Debug|Any CPU.Build.0 = Debug|Any CPU
		{BFF87BF1-D687-4EBF-B60C-3B67184A8A7D}.Debug|Any CPU.ActiveCfg = Debug|Any CPU
		{BFF87BF1-D687-4EBF-B60C-3B67184A8A7D}.Debug|Any CPU.Build.0 = Debug|Any CPU
		{44B0A996-A65A-4BFE-B9F6-708D5A7E54C5}.Debug|Any CPU.ActiveCfg = Debug|Any CPU
		{44B0A996-A65A-4BFE-B9F6-708D5A7E54C5}.Debug|Any CPU.Build.0 = Debug|Any CPU
		{ABF0EAEF-C6CF-4ED4-A340-8A7708C05516}.Debug|Any CPU.ActiveCfg = Debug|Any CPU
		{ABF0EAEF-C6CF-4ED4-A340-8A7708C05516}.Debug|Any CPU.Build.0 = Debug|Any CPU
		{ABF0EAEF-C6CF-4ED4-A340-8A7708C05516}.Release|Any CPU.ActiveCfg = Release|Any CPU
		{ABF0EAEF-C6CF-4ED4-A340-8A7708C05516}.Release|Any CPU.Build.0 = Release|Any CPU
		{CFE8AF26-C8F0-45D6-863B-AF5AC37A2E17}.Debug|Any CPU.ActiveCfg = Debug|Any CPU
		{CFE8AF26-C8F0-45D6-863B-AF5AC37A2E17}.Debug|Any CPU.Build.0 = Debug|Any CPU
		{CFE8AF26-C8F0-45D6-863B-AF5AC37A2E17}.Release|Any CPU.ActiveCfg = Release|Any CPU
		{CFE8AF26-C8F0-45D6-863B-AF5AC37A2E17}.Release|Any CPU.Build.0 = Release|Any CPU
	EndGlobalSection
	GlobalSection(NestedProjects) = preSolution
	EndGlobalSection
EndGlobal
